// !$*UTF8*$!
{
	archiveVersion = 1;
	classes = {
	};
	objectVersion = 51;
	objects = {

/* Begin PBXBuildFile section */
		78F0E6D0E911A9F79AD8ACF3 /* Pods_KODE_Recipe_App.framework in Frameworks */ = {isa = PBXBuildFile; fileRef = 885D5C7D2F742B2B7BD8E467 /* Pods_KODE_Recipe_App.framework */; };
		DAF33DE324A3347D002E3EE6 /* AppDelegate.swift in Sources */ = {isa = PBXBuildFile; fileRef = DAF33DE224A3347D002E3EE6 /* AppDelegate.swift */; };
		DAF33DEC24A33480002E3EE6 /* Assets.xcassets in Resources */ = {isa = PBXBuildFile; fileRef = DAF33DEB24A33480002E3EE6 /* Assets.xcassets */; };
		DAF33DEF24A33480002E3EE6 /* LaunchScreen.storyboard in Resources */ = {isa = PBXBuildFile; fileRef = DAF33DED24A33480002E3EE6 /* LaunchScreen.storyboard */; };
		DAF33DFD24A34741002E3EE6 /* RecipesList.swift in Sources */ = {isa = PBXBuildFile; fileRef = DAF33DFC24A34741002E3EE6 /* RecipesList.swift */; };
		DAF33DFF24A3484D002E3EE6 /* SingleRecipe.swift in Sources */ = {isa = PBXBuildFile; fileRef = DAF33DFE24A3484D002E3EE6 /* SingleRecipe.swift */; };
		DAF33E0124A34984002E3EE6 /* Constants.swift in Sources */ = {isa = PBXBuildFile; fileRef = DAF33E0024A34984002E3EE6 /* Constants.swift */; };
/* End PBXBuildFile section */

/* Begin PBXFileReference section */
		1A1E3C27E42E19555BCEA31C /* Pods-KODE Recipe App.release.xcconfig */ = {isa = PBXFileReference; includeInIndex = 1; lastKnownFileType = text.xcconfig; name = "Pods-KODE Recipe App.release.xcconfig"; path = "Target Support Files/Pods-KODE Recipe App/Pods-KODE Recipe App.release.xcconfig"; sourceTree = "<group>"; };
		52CB2526063363183487B11C /* Pods-KODE Recipe App.debug.xcconfig */ = {isa = PBXFileReference; includeInIndex = 1; lastKnownFileType = text.xcconfig; name = "Pods-KODE Recipe App.debug.xcconfig"; path = "Target Support Files/Pods-KODE Recipe App/Pods-KODE Recipe App.debug.xcconfig"; sourceTree = "<group>"; };
		885D5C7D2F742B2B7BD8E467 /* Pods_KODE_Recipe_App.framework */ = {isa = PBXFileReference; explicitFileType = wrapper.framework; includeInIndex = 0; path = Pods_KODE_Recipe_App.framework; sourceTree = BUILT_PRODUCTS_DIR; };
		DAF33DDF24A3347D002E3EE6 /* KODE Recipe App.app */ = {isa = PBXFileReference; explicitFileType = wrapper.application; includeInIndex = 0; path = "KODE Recipe App.app"; sourceTree = BUILT_PRODUCTS_DIR; };
		DAF33DE224A3347D002E3EE6 /* AppDelegate.swift */ = {isa = PBXFileReference; lastKnownFileType = sourcecode.swift; path = AppDelegate.swift; sourceTree = "<group>"; };
		DAF33DEB24A33480002E3EE6 /* Assets.xcassets */ = {isa = PBXFileReference; lastKnownFileType = folder.assetcatalog; path = Assets.xcassets; sourceTree = "<group>"; };
		DAF33DEE24A33480002E3EE6 /* Base */ = {isa = PBXFileReference; lastKnownFileType = file.storyboard; name = Base; path = Base.lproj/LaunchScreen.storyboard; sourceTree = "<group>"; };
		DAF33DF024A33480002E3EE6 /* Info.plist */ = {isa = PBXFileReference; lastKnownFileType = text.plist.xml; path = Info.plist; sourceTree = "<group>"; };
		DAF33DFC24A34741002E3EE6 /* RecipesList.swift */ = {isa = PBXFileReference; lastKnownFileType = sourcecode.swift; path = RecipesList.swift; sourceTree = "<group>"; };
		DAF33DFE24A3484D002E3EE6 /* SingleRecipe.swift */ = {isa = PBXFileReference; lastKnownFileType = sourcecode.swift; path = SingleRecipe.swift; sourceTree = "<group>"; };
		DAF33E0024A34984002E3EE6 /* Constants.swift */ = {isa = PBXFileReference; lastKnownFileType = sourcecode.swift; path = Constants.swift; sourceTree = "<group>"; };
/* End PBXFileReference section */

/* Begin PBXFrameworksBuildPhase section */
		DAF33DDC24A3347D002E3EE6 /* Frameworks */ = {
			isa = PBXFrameworksBuildPhase;
			buildActionMask = 2147483647;
			files = (
				78F0E6D0E911A9F79AD8ACF3 /* Pods_KODE_Recipe_App.framework in Frameworks */,
			);
			runOnlyForDeploymentPostprocessing = 0;
		};
/* End PBXFrameworksBuildPhase section */

/* Begin PBXGroup section */
		B52973943E4B9D7EA9B0D5BA /* Frameworks */ = {
			isa = PBXGroup;
			children = (
				885D5C7D2F742B2B7BD8E467 /* Pods_KODE_Recipe_App.framework */,
			);
			name = Frameworks;
			sourceTree = "<group>";
		};
		DAF33DD624A3347D002E3EE6 = {
			isa = PBXGroup;
			children = (
				DAF33DE124A3347D002E3EE6 /* KODE Recipe App */,
				DAF33DE024A3347D002E3EE6 /* Products */,
				DC43A65E68E9E944EC3E063E /* Pods */,
				B52973943E4B9D7EA9B0D5BA /* Frameworks */,
			);
			sourceTree = "<group>";
		};
		DAF33DE024A3347D002E3EE6 /* Products */ = {
			isa = PBXGroup;
			children = (
				DAF33DDF24A3347D002E3EE6 /* KODE Recipe App.app */,
			);
			name = Products;
			sourceTree = "<group>";
		};
		DAF33DE124A3347D002E3EE6 /* KODE Recipe App */ = {
			isa = PBXGroup;
			children = (
				DAF33DF924A34709002E3EE6 /* Values */,
				DAF33DF824A346FF002E3EE6 /* Services */,
				DAF33DF724A346F5002E3EE6 /* Models */,
				DAF33DF624A346EA002E3EE6 /* Modules */,
				DAF33DE224A3347D002E3EE6 /* AppDelegate.swift */,
				DAF33DEB24A33480002E3EE6 /* Assets.xcassets */,
				DAF33DED24A33480002E3EE6 /* LaunchScreen.storyboard */,
				DAF33DF024A33480002E3EE6 /* Info.plist */,
			);
			path = "KODE Recipe App";
			sourceTree = "<group>";
		};
		DAF33DF624A346EA002E3EE6 /* Modules */ = {
			isa = PBXGroup;
			children = (
				DAF33DFB24A3471F002E3EE6 /* DetailsScreen */,
				DAF33DFA24A34716002E3EE6 /* MainScreen */,
			);
			path = Modules;
			sourceTree = "<group>";
		};
		DAF33DF724A346F5002E3EE6 /* Models */ = {
			isa = PBXGroup;
			children = (
				DAF33DFC24A34741002E3EE6 /* RecipesList.swift */,
				DAF33DFE24A3484D002E3EE6 /* SingleRecipe.swift */,
			);
			path = Models;
			sourceTree = "<group>";
		};
		DAF33DF824A346FF002E3EE6 /* Services */ = {
			isa = PBXGroup;
			children = (
			);
			path = Services;
			sourceTree = "<group>";
		};
		DAF33DF924A34709002E3EE6 /* Values */ = {
			isa = PBXGroup;
			children = (
				DAF33E0024A34984002E3EE6 /* Constants.swift */,
			);
			path = Values;
			sourceTree = "<group>";
		};
		DAF33DFA24A34716002E3EE6 /* MainScreen */ = {
			isa = PBXGroup;
			children = (
			);
			path = MainScreen;
			sourceTree = "<group>";
		};
		DAF33DFB24A3471F002E3EE6 /* DetailsScreen */ = {
			isa = PBXGroup;
			children = (
			);
			path = DetailsScreen;
			sourceTree = "<group>";
		};
		DC43A65E68E9E944EC3E063E /* Pods */ = {
			isa = PBXGroup;
			children = (
				52CB2526063363183487B11C /* Pods-KODE Recipe App.debug.xcconfig */,
				1A1E3C27E42E19555BCEA31C /* Pods-KODE Recipe App.release.xcconfig */,
			);
			path = Pods;
			sourceTree = "<group>";
		};
/* End PBXGroup section */

/* Begin PBXNativeTarget section */
		DAF33DDE24A3347D002E3EE6 /* KODE Recipe App */ = {
			isa = PBXNativeTarget;
			buildConfigurationList = DAF33DF324A33480002E3EE6 /* Build configuration list for PBXNativeTarget "KODE Recipe App" */;
			buildPhases = (
				694C98FE5AA929CC9FB9B36C /* [CP] Check Pods Manifest.lock */,
				DAF33DDB24A3347D002E3EE6 /* Sources */,
				DAF33DDC24A3347D002E3EE6 /* Frameworks */,
				DAF33DDD24A3347D002E3EE6 /* Resources */,
				7D669900D22A5430B1711D36 /* [CP] Embed Pods Frameworks */,
			);
			buildRules = (
			);
			dependencies = (
			);
			name = "KODE Recipe App";
			productName = "KODE Recipe App";
			productReference = DAF33DDF24A3347D002E3EE6 /* KODE Recipe App.app */;
			productType = "com.apple.product-type.application";
		};
/* End PBXNativeTarget section */

/* Begin PBXProject section */
		DAF33DD724A3347D002E3EE6 /* Project object */ = {
			isa = PBXProject;
			attributes = {
				LastSwiftUpdateCheck = 1150;
				LastUpgradeCheck = 1150;
				ORGANIZATIONNAME = Evgeniy;
				TargetAttributes = {
					DAF33DDE24A3347D002E3EE6 = {
						CreatedOnToolsVersion = 11.5;
					};
				};
			};
			buildConfigurationList = DAF33DDA24A3347D002E3EE6 /* Build configuration list for PBXProject "KODE Recipe App" */;
			compatibilityVersion = "Xcode 9.3";
			developmentRegion = en;
			hasScannedForEncodings = 0;
			knownRegions = (
				en,
				Base,
			);
			mainGroup = DAF33DD624A3347D002E3EE6;
			productRefGroup = DAF33DE024A3347D002E3EE6 /* Products */;
			projectDirPath = "";
			projectRoot = "";
			targets = (
				DAF33DDE24A3347D002E3EE6 /* KODE Recipe App */,
			);
		};
/* End PBXProject section */

/* Begin PBXResourcesBuildPhase section */
		DAF33DDD24A3347D002E3EE6 /* Resources */ = {
			isa = PBXResourcesBuildPhase;
			buildActionMask = 2147483647;
			files = (
				DAF33DEF24A33480002E3EE6 /* LaunchScreen.storyboard in Resources */,
				DAF33DEC24A33480002E3EE6 /* Assets.xcassets in Resources */,
			);
			runOnlyForDeploymentPostprocessing = 0;
		};
/* End PBXResourcesBuildPhase section */

/* Begin PBXShellScriptBuildPhase section */
		694C98FE5AA929CC9FB9B36C /* [CP] Check Pods Manifest.lock */ = {
			isa = PBXShellScriptBuildPhase;
			buildActionMask = 2147483647;
			files = (
			);
			inputFileListPaths = (
			);
			inputPaths = (
				"${PODS_PODFILE_DIR_PATH}/Podfile.lock",
				"${PODS_ROOT}/Manifest.lock",
			);
			name = "[CP] Check Pods Manifest.lock";
			outputFileListPaths = (
			);
			outputPaths = (
				"$(DERIVED_FILE_DIR)/Pods-KODE Recipe App-checkManifestLockResult.txt",
			);
			runOnlyForDeploymentPostprocessing = 0;
			shellPath = /bin/sh;
			shellScript = "diff \"${PODS_PODFILE_DIR_PATH}/Podfile.lock\" \"${PODS_ROOT}/Manifest.lock\" > /dev/null\nif [ $? != 0 ] ; then\n    # print error to STDERR\n    echo \"error: The sandbox is not in sync with the Podfile.lock. Run 'pod install' or update your CocoaPods installation.\" >&2\n    exit 1\nfi\n# This output is used by Xcode 'outputs' to avoid re-running this script phase.\necho \"SUCCESS\" > \"${SCRIPT_OUTPUT_FILE_0}\"\n";
			showEnvVarsInLog = 0;
		};
		7D669900D22A5430B1711D36 /* [CP] Embed Pods Frameworks */ = {
			isa = PBXShellScriptBuildPhase;
			buildActionMask = 2147483647;
			files = (
			);
			inputFileListPaths = (
				"${PODS_ROOT}/Target Support Files/Pods-KODE Recipe App/Pods-KODE Recipe App-frameworks-${CONFIGURATION}-input-files.xcfilelist",
			);
			name = "[CP] Embed Pods Frameworks";
			outputFileListPaths = (
				"${PODS_ROOT}/Target Support Files/Pods-KODE Recipe App/Pods-KODE Recipe App-frameworks-${CONFIGURATION}-output-files.xcfilelist",
			);
			runOnlyForDeploymentPostprocessing = 0;
			shellPath = /bin/sh;
			shellScript = "\"${PODS_ROOT}/Target Support Files/Pods-KODE Recipe App/Pods-KODE Recipe App-frameworks.sh\"\n";
			showEnvVarsInLog = 0;
		};
/* End PBXShellScriptBuildPhase section */

/* Begin PBXSourcesBuildPhase section */
		DAF33DDB24A3347D002E3EE6 /* Sources */ = {
			isa = PBXSourcesBuildPhase;
			buildActionMask = 2147483647;
			files = (
				DAF33DE324A3347D002E3EE6 /* AppDelegate.swift in Sources */,
				DAF33DFD24A34741002E3EE6 /* RecipesList.swift in Sources */,
				DAF33DFF24A3484D002E3EE6 /* SingleRecipe.swift in Sources */,
				DAF33E0124A34984002E3EE6 /* Constants.swift in Sources */,
			);
			runOnlyForDeploymentPostprocessing = 0;
		};
/* End PBXSourcesBuildPhase section */

/* Begin PBXVariantGroup section */
		DAF33DED24A33480002E3EE6 /* LaunchScreen.storyboard */ = {
			isa = PBXVariantGroup;
			children = (
				DAF33DEE24A33480002E3EE6 /* Base */,
			);
			name = LaunchScreen.storyboard;
			sourceTree = "<group>";
		};
/* End PBXVariantGroup section */

/* Begin XCBuildConfiguration section */
		DAF33DF124A33480002E3EE6 /* Debug */ = {
			isa = XCBuildConfiguration;
			buildSettings = {
				ALWAYS_SEARCH_USER_PATHS = NO;
				CLANG_ANALYZER_NONNULL = YES;
				CLANG_ANALYZER_NUMBER_OBJECT_CONVERSION = YES_AGGRESSIVE;
				CLANG_CXX_LANGUAGE_STANDARD = "gnu++14";
				CLANG_CXX_LIBRARY = "libc++";
				CLANG_ENABLE_MODULES = YES;
				CLANG_ENABLE_OBJC_ARC = YES;
				CLANG_ENABLE_OBJC_WEAK = YES;
				CLANG_WARN_BLOCK_CAPTURE_AUTORELEASING = YES;
				CLANG_WARN_BOOL_CONVERSION = YES;
				CLANG_WARN_COMMA = YES;
				CLANG_WARN_CONSTANT_CONVERSION = YES;
				CLANG_WARN_DEPRECATED_OBJC_IMPLEMENTATIONS = YES;
				CLANG_WARN_DIRECT_OBJC_ISA_USAGE = YES_ERROR;
				CLANG_WARN_DOCUMENTATION_COMMENTS = YES;
				CLANG_WARN_EMPTY_BODY = YES;
				CLANG_WARN_ENUM_CONVERSION = YES;
				CLANG_WARN_INFINITE_RECURSION = YES;
				CLANG_WARN_INT_CONVERSION = YES;
				CLANG_WARN_NON_LITERAL_NULL_CONVERSION = YES;
				CLANG_WARN_OBJC_IMPLICIT_RETAIN_SELF = YES;
				CLANG_WARN_OBJC_LITERAL_CONVERSION = YES;
				CLANG_WARN_OBJC_ROOT_CLASS = YES_ERROR;
				CLANG_WARN_RANGE_LOOP_ANALYSIS = YES;
				CLANG_WARN_STRICT_PROTOTYPES = YES;
				CLANG_WARN_SUSPICIOUS_MOVE = YES;
				CLANG_WARN_UNGUARDED_AVAILABILITY = YES_AGGRESSIVE;
				CLANG_WARN_UNREACHABLE_CODE = YES;
				CLANG_WARN__DUPLICATE_METHOD_MATCH = YES;
				COPY_PHASE_STRIP = NO;
				DEBUG_INFORMATION_FORMAT = dwarf;
				ENABLE_STRICT_OBJC_MSGSEND = YES;
				ENABLE_TESTABILITY = YES;
				GCC_C_LANGUAGE_STANDARD = gnu11;
				GCC_DYNAMIC_NO_PIC = NO;
				GCC_NO_COMMON_BLOCKS = YES;
				GCC_OPTIMIZATION_LEVEL = 0;
				GCC_PREPROCESSOR_DEFINITIONS = (
					"DEBUG=1",
					"$(inherited)",
				);
				GCC_WARN_64_TO_32_BIT_CONVERSION = YES;
				GCC_WARN_ABOUT_RETURN_TYPE = YES_ERROR;
				GCC_WARN_UNDECLARED_SELECTOR = YES;
				GCC_WARN_UNINITIALIZED_AUTOS = YES_AGGRESSIVE;
				GCC_WARN_UNUSED_FUNCTION = YES;
				GCC_WARN_UNUSED_VARIABLE = YES;
				IPHONEOS_DEPLOYMENT_TARGET = 13.5;
				MTL_ENABLE_DEBUG_INFO = INCLUDE_SOURCE;
				MTL_FAST_MATH = YES;
				ONLY_ACTIVE_ARCH = YES;
				SDKROOT = iphoneos;
				SWIFT_ACTIVE_COMPILATION_CONDITIONS = DEBUG;
				SWIFT_OPTIMIZATION_LEVEL = "-Onone";
			};
			name = Debug;
		};
		DAF33DF224A33480002E3EE6 /* Release */ = {
			isa = XCBuildConfiguration;
			buildSettings = {
				ALWAYS_SEARCH_USER_PATHS = NO;
				CLANG_ANALYZER_NONNULL = YES;
				CLANG_ANALYZER_NUMBER_OBJECT_CONVERSION = YES_AGGRESSIVE;
				CLANG_CXX_LANGUAGE_STANDARD = "gnu++14";
				CLANG_CXX_LIBRARY = "libc++";
				CLANG_ENABLE_MODULES = YES;
				CLANG_ENABLE_OBJC_ARC = YES;
				CLANG_ENABLE_OBJC_WEAK = YES;
				CLANG_WARN_BLOCK_CAPTURE_AUTORELEASING = YES;
				CLANG_WARN_BOOL_CONVERSION = YES;
				CLANG_WARN_COMMA = YES;
				CLANG_WARN_CONSTANT_CONVERSION = YES;
				CLANG_WARN_DEPRECATED_OBJC_IMPLEMENTATIONS = YES;
				CLANG_WARN_DIRECT_OBJC_ISA_USAGE = YES_ERROR;
				CLANG_WARN_DOCUMENTATION_COMMENTS = YES;
				CLANG_WARN_EMPTY_BODY = YES;
				CLANG_WARN_ENUM_CONVERSION = YES;
				CLANG_WARN_INFINITE_RECURSION = YES;
				CLANG_WARN_INT_CONVERSION = YES;
				CLANG_WARN_NON_LITERAL_NULL_CONVERSION = YES;
				CLANG_WARN_OBJC_IMPLICIT_RETAIN_SELF = YES;
				CLANG_WARN_OBJC_LITERAL_CONVERSION = YES;
				CLANG_WARN_OBJC_ROOT_CLASS = YES_ERROR;
				CLANG_WARN_RANGE_LOOP_ANALYSIS = YES;
				CLANG_WARN_STRICT_PROTOTYPES = YES;
				CLANG_WARN_SUSPICIOUS_MOVE = YES;
				CLANG_WARN_UNGUARDED_AVAILABILITY = YES_AGGRESSIVE;
				CLANG_WARN_UNREACHABLE_CODE = YES;
				CLANG_WARN__DUPLICATE_METHOD_MATCH = YES;
				COPY_PHASE_STRIP = NO;
				DEBUG_INFORMATION_FORMAT = "dwarf-with-dsym";
				ENABLE_NS_ASSERTIONS = NO;
				ENABLE_STRICT_OBJC_MSGSEND = YES;
				GCC_C_LANGUAGE_STANDARD = gnu11;
				GCC_NO_COMMON_BLOCKS = YES;
				GCC_WARN_64_TO_32_BIT_CONVERSION = YES;
				GCC_WARN_ABOUT_RETURN_TYPE = YES_ERROR;
				GCC_WARN_UNDECLARED_SELECTOR = YES;
				GCC_WARN_UNINITIALIZED_AUTOS = YES_AGGRESSIVE;
				GCC_WARN_UNUSED_FUNCTION = YES;
				GCC_WARN_UNUSED_VARIABLE = YES;
				IPHONEOS_DEPLOYMENT_TARGET = 13.5;
				MTL_ENABLE_DEBUG_INFO = NO;
				MTL_FAST_MATH = YES;
				SDKROOT = iphoneos;
				SWIFT_COMPILATION_MODE = wholemodule;
				SWIFT_OPTIMIZATION_LEVEL = "-O";
				VALIDATE_PRODUCT = YES;
			};
			name = Release;
		};
		DAF33DF424A33480002E3EE6 /* Debug */ = {
			isa = XCBuildConfiguration;
			baseConfigurationReference = 52CB2526063363183487B11C /* Pods-KODE Recipe App.debug.xcconfig */;
			buildSettings = {
				ASSETCATALOG_COMPILER_APPICON_NAME = AppIcon;
				CODE_SIGN_STYLE = Automatic;
				DEVELOPMENT_TEAM = L5W87GC5M7;
				INFOPLIST_FILE = "KODE Recipe App/Info.plist";
				LD_RUNPATH_SEARCH_PATHS = (
					"$(inherited)",
					"@executable_path/Frameworks",
				);
				PRODUCT_BUNDLE_IDENTIFIER = "Urban.KODE-Recipe-App";
				PRODUCT_NAME = "$(TARGET_NAME)";
				SWIFT_VERSION = 5.0;
				TARGETED_DEVICE_FAMILY = "1,2";
			};
			name = Debug;
		};
		DAF33DF524A33480002E3EE6 /* Release */ = {
			isa = XCBuildConfiguration;
			baseConfigurationReference = 1A1E3C27E42E19555BCEA31C /* Pods-KODE Recipe App.release.xcconfig */;
			buildSettings = {
				ASSETCATALOG_COMPILER_APPICON_NAME = AppIcon;
				CODE_SIGN_STYLE = Automatic;
				DEVELOPMENT_TEAM = L5W87GC5M7;
				INFOPLIST_FILE = "KODE Recipe App/Info.plist";
				LD_RUNPATH_SEARCH_PATHS = (
					"$(inherited)",
					"@executable_path/Frameworks",
				);
				PRODUCT_BUNDLE_IDENTIFIER = "Urban.KODE-Recipe-App";
				PRODUCT_NAME = "$(TARGET_NAME)";
				SWIFT_VERSION = 5.0;
				TARGETED_DEVICE_FAMILY = "1,2";
			};
			name = Release;
		};
/* End XCBuildConfiguration section */

/* Begin XCConfigurationList section */
		DAF33DDA24A3347D002E3EE6 /* Build configuration list for PBXProject "KODE Recipe App" */ = {
			isa = XCConfigurationList;
			buildConfigurations = (
				DAF33DF124A33480002E3EE6 /* Debug */,
				DAF33DF224A33480002E3EE6 /* Release */,
			);
			defaultConfigurationIsVisible = 0;
			defaultConfigurationName = Release;
		};
		DAF33DF324A33480002E3EE6 /* Build configuration list for PBXNativeTarget "KODE Recipe App" */ = {
			isa = XCConfigurationList;
			buildConfigurations = (
				DAF33DF424A33480002E3EE6 /* Debug */,
				DAF33DF524A33480002E3EE6 /* Release */,
			);
			defaultConfigurationIsVisible = 0;
			defaultConfigurationName = Release;
		};
/* End XCConfigurationList section */
	};
	rootObject = DAF33DD724A3347D002E3EE6 /* Project object */;
}
